// !$*UTF8*$!
{
	archiveVersion = 1;
	classes = {
	};
	objectVersion = 46;
	objects = {

/* Begin PBXBuildFile section */
		50143EA118C55A6700350947 /* Default_1536x2048.png in Resources */ = {isa = PBXBuildFile; fileRef = 50143E9C18C55A6700350947 /* Default_1536x2048.png */; };
		50143EA218C55A6700350947 /* Default_768x1024.png in Resources */ = {isa = PBXBuildFile; fileRef = 50143E9D18C55A6700350947 /* Default_768x1024.png */; };
		50143EA318C55A6700350947 /* Default_320x480.png in Resources */ = {isa = PBXBuildFile; fileRef = 50143E9E18C55A6700350947 /* Default_320x480.png */; };
		50143EA418C55A6700350947 /* Default_640x1136.png in Resources */ = {isa = PBXBuildFile; fileRef = 50143E9F18C55A6700350947 /* Default_640x1136.png */; };
		50143EA518C55A6700350947 /* Default_640x960.png in Resources */ = {isa = PBXBuildFile; fileRef = 50143EA018C55A6700350947 /* Default_640x960.png */; };
		501518E818B1979200CC286D /* Event+helperMethods.m in Sources */ = {isa = PBXBuildFile; fileRef = 501518E718B1979200CC286D /* Event+helperMethods.m */; };
		502B46B818B4063000A61D24 /* DHTableViewCell.m in Sources */ = {isa = PBXBuildFile; fileRef = 502B46B718B4063000A61D24 /* DHTableViewCell.m */; };
		5071129E18C51B3C000790E1 /* Icon-29.png in Resources */ = {isa = PBXBuildFile; fileRef = 5071129118C51B3C000790E1 /* Icon-29.png */; };
		5071129F18C51B3C000790E1 /* Icon-40.png in Resources */ = {isa = PBXBuildFile; fileRef = 5071129218C51B3C000790E1 /* Icon-40.png */; };
		507112A018C51B3C000790E1 /* Icon-58.png in Resources */ = {isa = PBXBuildFile; fileRef = 5071129318C51B3C000790E1 /* Icon-58.png */; };
		507112A118C51B3C000790E1 /* Icon-80.png in Resources */ = {isa = PBXBuildFile; fileRef = 5071129418C51B3C000790E1 /* Icon-80.png */; };
		507112A218C51B3C000790E1 /* Icon-120.png in Resources */ = {isa = PBXBuildFile; fileRef = 5071129518C51B3C000790E1 /* Icon-120.png */; };
		507112A318C51B3C000790E1 /* Icon-152.png in Resources */ = {isa = PBXBuildFile; fileRef = 5071129618C51B3C000790E1 /* Icon-152.png */; };
		507112A418C51B3C000790E1 /* Icon-Small-50.png in Resources */ = {isa = PBXBuildFile; fileRef = 5071129718C51B3C000790E1 /* Icon-Small-50.png */; };
		507112A518C51B3C000790E1 /* Icon-Small-57.png in Resources */ = {isa = PBXBuildFile; fileRef = 5071129818C51B3C000790E1 /* Icon-Small-57.png */; };
		507112A618C51B3C000790E1 /* Icon-Small.png in Resources */ = {isa = PBXBuildFile; fileRef = 5071129918C51B3C000790E1 /* Icon-Small.png */; };
		507112A718C51B3C000790E1 /* Icon-Small@2x.png in Resources */ = {isa = PBXBuildFile; fileRef = 5071129A18C51B3C000790E1 /* Icon-Small@2x.png */; };
		507112A818C51B3C000790E1 /* Icon-76.png in Resources */ = {isa = PBXBuildFile; fileRef = 5071129B18C51B3C000790E1 /* Icon-76.png */; };
		507112A918C51B3C000790E1 /* Icon@2x.png in Resources */ = {isa = PBXBuildFile; fileRef = 5071129C18C51B3C000790E1 /* Icon@2x.png */; };
		507112AA18C51B3C000790E1 /* iTunesArtwork in Resources */ = {isa = PBXBuildFile; fileRef = 5071129D18C51B3C000790E1 /* iTunesArtwork */; };
		507112AD18C51DBA000790E1 /* Icon-57.png in Resources */ = {isa = PBXBuildFile; fileRef = 507112AB18C51DBA000790E1 /* Icon-57.png */; };
		507112AE18C51DBA000790E1 /* Icon-57@2x.png in Resources */ = {isa = PBXBuildFile; fileRef = 507112AC18C51DBA000790E1 /* Icon-57@2x.png */; };
		5095B4B318AE7C440023210E /* Foundation.framework in Frameworks */ = {isa = PBXBuildFile; fileRef = 5095B4B218AE7C440023210E /* Foundation.framework */; };
		5095B4B518AE7C440023210E /* CoreGraphics.framework in Frameworks */ = {isa = PBXBuildFile; fileRef = 5095B4B418AE7C440023210E /* CoreGraphics.framework */; };
		5095B4B718AE7C440023210E /* UIKit.framework in Frameworks */ = {isa = PBXBuildFile; fileRef = 5095B4B618AE7C440023210E /* UIKit.framework */; };
		5095B4B918AE7C440023210E /* CoreData.framework in Frameworks */ = {isa = PBXBuildFile; fileRef = 5095B4B818AE7C440023210E /* CoreData.framework */; };
		5095B4BF18AE7C440023210E /* InfoPlist.strings in Resources */ = {isa = PBXBuildFile; fileRef = 5095B4BD18AE7C440023210E /* InfoPlist.strings */; };
		5095B4C118AE7C440023210E /* main.m in Sources */ = {isa = PBXBuildFile; fileRef = 5095B4C018AE7C440023210E /* main.m */; };
		5095B4C518AE7C440023210E /* DHAppDelegate.m in Sources */ = {isa = PBXBuildFile; fileRef = 5095B4C418AE7C440023210E /* DHAppDelegate.m */; };
		5095B4C818AE7C440023210E /* Main_iPhone.storyboard in Resources */ = {isa = PBXBuildFile; fileRef = 5095B4C618AE7C440023210E /* Main_iPhone.storyboard */; };
		5095B4CE18AE7C440023210E /* TMTimer.xcdatamodeld in Sources */ = {isa = PBXBuildFile; fileRef = 5095B4CC18AE7C440023210E /* TMTimer.xcdatamodeld */; };
		5095B4D118AE7C440023210E /* DHMasterViewController.m in Sources */ = {isa = PBXBuildFile; fileRef = 5095B4D018AE7C440023210E /* DHMasterViewController.m */; };
		5095B4D418AE7C440023210E /* DHDetailViewController.m in Sources */ = {isa = PBXBuildFile; fileRef = 5095B4D318AE7C440023210E /* DHDetailViewController.m */; };
		5095B4D618AE7C440023210E /* Images.xcassets in Resources */ = {isa = PBXBuildFile; fileRef = 5095B4D518AE7C440023210E /* Images.xcassets */; };
		5095B4DD18AE7C440023210E /* XCTest.framework in Frameworks */ = {isa = PBXBuildFile; fileRef = 5095B4DC18AE7C440023210E /* XCTest.framework */; };
		5095B4DE18AE7C440023210E /* Foundation.framework in Frameworks */ = {isa = PBXBuildFile; fileRef = 5095B4B218AE7C440023210E /* Foundation.framework */; };
		5095B4DF18AE7C440023210E /* UIKit.framework in Frameworks */ = {isa = PBXBuildFile; fileRef = 5095B4B618AE7C440023210E /* UIKit.framework */; };
		5095B4E018AE7C440023210E /* CoreData.framework in Frameworks */ = {isa = PBXBuildFile; fileRef = 5095B4B818AE7C440023210E /* CoreData.framework */; };
		5095B4E818AE7C440023210E /* InfoPlist.strings in Resources */ = {isa = PBXBuildFile; fileRef = 5095B4E618AE7C440023210E /* InfoPlist.strings */; };
		5095B4EA18AE7C440023210E /* TMTimerTests.m in Sources */ = {isa = PBXBuildFile; fileRef = 5095B4E918AE7C440023210E /* TMTimerTests.m */; };
		7F0C3FCB18CBCD3D0068B26C /* Release Notes in Resources */ = {isa = PBXBuildFile; fileRef = 7F0C3FCA18CBCD3D0068B26C /* Release Notes */; };
		7F185BBE196A867900055446 /* iRate.m in Sources */ = {isa = PBXBuildFile; fileRef = 7F185BBD196A867900055446 /* iRate.m */; };
		7F2AC6BC19A8149E00C9DAE7 /* User_Profile.m in Sources */ = {isa = PBXBuildFile; fileRef = 7F2AC6BB19A8149E00C9DAE7 /* User_Profile.m */; };
		7F407F5719A1F4E200E37E1B /* DHUserProfileCollectionViewCell.m in Sources */ = {isa = PBXBuildFile; fileRef = 7F407F5619A1F4E200E37E1B /* DHUserProfileCollectionViewCell.m */; };
		7F407F5A19A1F85C00E37E1B /* DHUserProfileCollectionViewController.m in Sources */ = {isa = PBXBuildFile; fileRef = 7F407F5919A1F85C00E37E1B /* DHUserProfileCollectionViewController.m */; };
		7F407F5E19A29C5800E37E1B /* DHEditUserProfileViewController.m in Sources */ = {isa = PBXBuildFile; fileRef = 7F407F5C19A29C5800E37E1B /* DHEditUserProfileViewController.m */; };
		7F407F5F19A29C5800E37E1B /* DHEditUserProfileViewController.xib in Resources */ = {isa = PBXBuildFile; fileRef = 7F407F5D19A29C5800E37E1B /* DHEditUserProfileViewController.xib */; };
		7F407F6219A2AD4D00E37E1B /* User_Profile+helperMethods.m in Sources */ = {isa = PBXBuildFile; fileRef = 7F407F6119A2AD4D00E37E1B /* User_Profile+helperMethods.m */; };
		7F407FA619A407C600E37E1B /* fetch.php.jpeg in Resources */ = {isa = PBXBuildFile; fileRef = 7F407FA519A407C600E37E1B /* fetch.php.jpeg */; };
		7F7145FE19AA9A4400DAEBF8 /* TMTimerStyleKit.m in Sources */ = {isa = PBXBuildFile; fileRef = 7F7145FD19AA9A4400DAEBF8 /* TMTimerStyleKit.m */; };
		7F75F66D18C9142F0040986B /* iAd.framework in Frameworks */ = {isa = PBXBuildFile; fileRef = 7F75F66C18C9142F0040986B /* iAd.framework */; };
		7F86595118D3C4C50045F9F2 /* DHUserPreferenceViewController.m in Sources */ = {isa = PBXBuildFile; fileRef = 7F86595018D3C4C50045F9F2 /* DHUserPreferenceViewController.m */; };
		7F86595418D3D0090045F9F2 /* DHCountDownView.m in Sources */ = {isa = PBXBuildFile; fileRef = 7F86595318D3D0090045F9F2 /* DHCountDownView.m */; };
		7F87644E18FDFF1400BB7FFA /* UISegmentedControl+extractMinMaxData.m in Sources */ = {isa = PBXBuildFile; fileRef = 7F87644D18FDFF1400BB7FFA /* UISegmentedControl+extractMinMaxData.m */; };
		7F896E6919A40FB30081A2A1 /* DHEditUserProfileTableViewCell.xib in Resources */ = {isa = PBXBuildFile; fileRef = 7F896E6819A40FB30081A2A1 /* DHEditUserProfileTableViewCell.xib */; };
		7F896E6C19A4118B0081A2A1 /* DHEditUserProfileTableViewCell.m in Sources */ = {isa = PBXBuildFile; fileRef = 7F896E6B19A4118B0081A2A1 /* DHEditUserProfileTableViewCell.m */; };
		7F896E7019A50C600081A2A1 /* UIImage+DHScaledImage.m in Sources */ = {isa = PBXBuildFile; fileRef = 7F896E6F19A50C600081A2A1 /* UIImage+DHScaledImage.m */; };
		7F8CD80E199FAAAE00FC177F /* finger1_not_touch.png in Resources */ = {isa = PBXBuildFile; fileRef = 7F8CD808199FAAAE00FC177F /* finger1_not_touch.png */; };
		7F8CD80F199FAAAE00FC177F /* finger1_touch.png in Resources */ = {isa = PBXBuildFile; fileRef = 7F8CD809199FAAAE00FC177F /* finger1_touch.png */; };
		7F8CD810199FAAAE00FC177F /* fingers2_no_touch.png in Resources */ = {isa = PBXBuildFile; fileRef = 7F8CD80A199FAAAE00FC177F /* fingers2_no_touch.png */; };
		7F8CD811199FAAAE00FC177F /* fingers2_touch.png in Resources */ = {isa = PBXBuildFile; fileRef = 7F8CD80B199FAAAE00FC177F /* fingers2_touch.png */; };
		7F8CD812199FAAAE00FC177F /* fingers3_no_touch.png in Resources */ = {isa = PBXBuildFile; fileRef = 7F8CD80C199FAAAE00FC177F /* fingers3_no_touch.png */; };
		7F8CD813199FAAAE00FC177F /* fingers3_touch.png in Resources */ = {isa = PBXBuildFile; fileRef = 7F8CD80D199FAAAE00FC177F /* fingers3_touch.png */; };
		7F8CD815199FAB2900FC177F /* ManualFlagInfoAnimationImageNames.plist in Resources */ = {isa = PBXBuildFile; fileRef = 7F8CD814199FAB2900FC177F /* ManualFlagInfoAnimationImageNames.plist */; };
		7F8CD819199FFEBB00FC177F /* fingers.pxm in Resources */ = {isa = PBXBuildFile; fileRef = 7F8CD818199FFEBB00FC177F /* fingers.pxm */; };
		7F8EE36019AD9A720064F0B1 /* DHLog.m in Sources */ = {isa = PBXBuildFile; fileRef = 7F8EE35F19AD9A720064F0B1 /* DHLog.m */; };
		7F8EEA761946289F006B4C53 /* Icon72x72.png in Resources */ = {isa = PBXBuildFile; fileRef = 7F8EEA741946289F006B4C53 /* Icon72x72.png */; };
		7F8EEA771946289F006B4C53 /* Icon72x72@2x.png in Resources */ = {isa = PBXBuildFile; fileRef = 7F8EEA751946289F006B4C53 /* Icon72x72@2x.png */; };
		7F8EEA7A194629ED006B4C53 /* Icon50x50.png in Resources */ = {isa = PBXBuildFile; fileRef = 7F8EEA78194629ED006B4C53 /* Icon50x50.png */; };
		7F8EEA7B194629ED006B4C53 /* Icon50x50@2x.png in Resources */ = {isa = PBXBuildFile; fileRef = 7F8EEA79194629ED006B4C53 /* Icon50x50@2x.png */; };
		7F8EF98618FB0F780077922C /* DHColorForTime.m in Sources */ = {isa = PBXBuildFile; fileRef = 7F8EF98518FB0F780077922C /* DHColorForTime.m */; };
		7F91B7471964C491002FC63E /* AudioToolbox.framework in Frameworks */ = {isa = PBXBuildFile; fileRef = 7F91B7461964C491002FC63E /* AudioToolbox.framework */; };
		7F94EE1318CD0FC3005390C3 /* DHError.m in Sources */ = {isa = PBXBuildFile; fileRef = 7F94EE1218CD0FC3005390C3 /* DHError.m */; };
		7FA32B7519AC1CC1006BCB30 /* TMThemeAquaButton.m in Sources */ = {isa = PBXBuildFile; fileRef = 7FA32B7419AC1CC1006BCB30 /* TMThemeAquaButton.m */; };
		7FA32B7819AC5AE3006BCB30 /* TMTimerStyleKitWithColorExtensions.m in Sources */ = {isa = PBXBuildFile; fileRef = 7FA32B7719AC5AE3006BCB30 /* TMTimerStyleKitWithColorExtensions.m */; };
		7FC84B4D19A566FC007F8BEB /* Event.m in Sources */ = {isa = PBXBuildFile; fileRef = 7FC84B4C19A566FC007F8BEB /* Event.m */; };
		7FC92105191D9C620026660A /* DHManualFlagViewController.m in Sources */ = {isa = PBXBuildFile; fileRef = 7FC92104191D9C620026660A /* DHManualFlagViewController.m */; };
		7FD4ABDF18E0F488004DA1DF /* DHNavigationItem.m in Sources */ = {isa = PBXBuildFile; fileRef = 7FD4ABDE18E0F488004DA1DF /* DHNavigationItem.m */; };
		7FD4ABE218E0FD99004DA1DF /* DHNavigationBar.m in Sources */ = {isa = PBXBuildFile; fileRef = 7FD4ABE118E0FD99004DA1DF /* DHNavigationBar.m */; };
		7FD4ABE518E1089D004DA1DF /* DHGradients.m in Sources */ = {isa = PBXBuildFile; fileRef = 7FD4ABE418E1089D004DA1DF /* DHGradients.m */; };
/* End PBXBuildFile section */

/* Begin PBXContainerItemProxy section */
		5095B4E118AE7C440023210E /* PBXContainerItemProxy */ = {
			isa = PBXContainerItemProxy;
			containerPortal = 5095B4A718AE7C440023210E /* Project object */;
			proxyType = 1;
			remoteGlobalIDString = 5095B4AE18AE7C440023210E;
			remoteInfo = TMTimer;
		};
/* End PBXContainerItemProxy section */

/* Begin PBXFileReference section */
		50143E9C18C55A6700350947 /* Default_1536x2048.png */ = {isa = PBXFileReference; lastKnownFileType = image.png; path = Default_1536x2048.png; sourceTree = "<group>"; };
		50143E9D18C55A6700350947 /* Default_768x1024.png */ = {isa = PBXFileReference; lastKnownFileType = image.png; path = Default_768x1024.png; sourceTree = "<group>"; };
		50143E9E18C55A6700350947 /* Default_320x480.png */ = {isa = PBXFileReference; lastKnownFileType = image.png; path = Default_320x480.png; sourceTree = "<group>"; };
		50143E9F18C55A6700350947 /* Default_640x1136.png */ = {isa = PBXFileReference; lastKnownFileType = image.png; path = Default_640x1136.png; sourceTree = "<group>"; };
		50143EA018C55A6700350947 /* Default_640x960.png */ = {isa = PBXFileReference; lastKnownFileType = image.png; path = Default_640x960.png; sourceTree = "<group>"; };
		50143EA618C55FDA00350947 /* TMIcon.pxm */ = {isa = PBXFileReference; lastKnownFileType = file; path = TMIcon.pxm; sourceTree = "<group>"; };
		50143EA718C55FDA00350947 /* TMLaunchImage.pxm */ = {isa = PBXFileReference; lastKnownFileType = file; path = TMLaunchImage.pxm; sourceTree = "<group>"; };
		501518E218B195ED00CC286D /* TMTimer 3.xcdatamodel */ = {isa = PBXFileReference; lastKnownFileType = wrapper.xcdatamodel; path = "TMTimer 3.xcdatamodel"; sourceTree = "<group>"; };
		501518E618B1979200CC286D /* Event+helperMethods.h */ = {isa = PBXFileReference; fileEncoding = 4; lastKnownFileType = sourcecode.c.h; path = "Event+helperMethods.h"; sourceTree = "<group>"; };
		501518E718B1979200CC286D /* Event+helperMethods.m */ = {isa = PBXFileReference; fileEncoding = 4; lastKnownFileType = sourcecode.c.objc; path = "Event+helperMethods.m"; sourceTree = "<group>"; };
		502B46B618B4063000A61D24 /* DHTableViewCell.h */ = {isa = PBXFileReference; fileEncoding = 4; lastKnownFileType = sourcecode.c.h; path = DHTableViewCell.h; sourceTree = "<group>"; };
		502B46B718B4063000A61D24 /* DHTableViewCell.m */ = {isa = PBXFileReference; fileEncoding = 4; lastKnownFileType = sourcecode.c.objc; path = DHTableViewCell.m; sourceTree = "<group>"; };
		5071129118C51B3C000790E1 /* Icon-29.png */ = {isa = PBXFileReference; lastKnownFileType = image.png; path = "Icon-29.png"; sourceTree = "<group>"; };
		5071129218C51B3C000790E1 /* Icon-40.png */ = {isa = PBXFileReference; lastKnownFileType = image.png; path = "Icon-40.png"; sourceTree = "<group>"; };
		5071129318C51B3C000790E1 /* Icon-58.png */ = {isa = PBXFileReference; lastKnownFileType = image.png; path = "Icon-58.png"; sourceTree = "<group>"; };
		5071129418C51B3C000790E1 /* Icon-80.png */ = {isa = PBXFileReference; lastKnownFileType = image.png; path = "Icon-80.png"; sourceTree = "<group>"; };
		5071129518C51B3C000790E1 /* Icon-120.png */ = {isa = PBXFileReference; lastKnownFileType = image.png; path = "Icon-120.png"; sourceTree = "<group>"; };
		5071129618C51B3C000790E1 /* Icon-152.png */ = {isa = PBXFileReference; lastKnownFileType = image.png; path = "Icon-152.png"; sourceTree = "<group>"; };
		5071129718C51B3C000790E1 /* Icon-Small-50.png */ = {isa = PBXFileReference; lastKnownFileType = image.png; path = "Icon-Small-50.png"; sourceTree = "<group>"; };
		5071129818C51B3C000790E1 /* Icon-Small-57.png */ = {isa = PBXFileReference; lastKnownFileType = image.png; path = "Icon-Small-57.png"; sourceTree = "<group>"; };
		5071129918C51B3C000790E1 /* Icon-Small.png */ = {isa = PBXFileReference; lastKnownFileType = image.png; path = "Icon-Small.png"; sourceTree = "<group>"; };
		5071129A18C51B3C000790E1 /* Icon-Small@2x.png */ = {isa = PBXFileReference; lastKnownFileType = image.png; path = "Icon-Small@2x.png"; sourceTree = "<group>"; };
		5071129B18C51B3C000790E1 /* Icon-76.png */ = {isa = PBXFileReference; lastKnownFileType = image.png; path = "Icon-76.png"; sourceTree = "<group>"; };
		5071129C18C51B3C000790E1 /* Icon@2x.png */ = {isa = PBXFileReference; lastKnownFileType = image.png; path = "Icon@2x.png"; sourceTree = "<group>"; };
		5071129D18C51B3C000790E1 /* iTunesArtwork */ = {isa = PBXFileReference; lastKnownFileType = file; path = iTunesArtwork; sourceTree = "<group>"; };
		507112AB18C51DBA000790E1 /* Icon-57.png */ = {isa = PBXFileReference; lastKnownFileType = image.png; path = "Icon-57.png"; sourceTree = "<group>"; };
		507112AC18C51DBA000790E1 /* Icon-57@2x.png */ = {isa = PBXFileReference; lastKnownFileType = image.png; path = "Icon-57@2x.png"; sourceTree = "<group>"; };
		5089961F18B2E9FB0012F659 /* TMTimer 4.xcdatamodel */ = {isa = PBXFileReference; lastKnownFileType = wrapper.xcdatamodel; path = "TMTimer 4.xcdatamodel"; sourceTree = "<group>"; };
		5095B4AF18AE7C440023210E /* TMTimer.app */ = {isa = PBXFileReference; explicitFileType = wrapper.application; includeInIndex = 0; path = TMTimer.app; sourceTree = BUILT_PRODUCTS_DIR; };
		5095B4B218AE7C440023210E /* Foundation.framework */ = {isa = PBXFileReference; lastKnownFileType = wrapper.framework; name = Foundation.framework; path = System/Library/Frameworks/Foundation.framework; sourceTree = SDKROOT; };
		5095B4B418AE7C440023210E /* CoreGraphics.framework */ = {isa = PBXFileReference; lastKnownFileType = wrapper.framework; name = CoreGraphics.framework; path = System/Library/Frameworks/CoreGraphics.framework; sourceTree = SDKROOT; };
		5095B4B618AE7C440023210E /* UIKit.framework */ = {isa = PBXFileReference; lastKnownFileType = wrapper.framework; name = UIKit.framework; path = System/Library/Frameworks/UIKit.framework; sourceTree = SDKROOT; };
		5095B4B818AE7C440023210E /* CoreData.framework */ = {isa = PBXFileReference; lastKnownFileType = wrapper.framework; name = CoreData.framework; path = System/Library/Frameworks/CoreData.framework; sourceTree = SDKROOT; };
		5095B4BC18AE7C440023210E /* TMTimer-Info.plist */ = {isa = PBXFileReference; lastKnownFileType = text.plist.xml; path = "TMTimer-Info.plist"; sourceTree = "<group>"; };
		5095B4BE18AE7C440023210E /* en */ = {isa = PBXFileReference; lastKnownFileType = text.plist.strings; name = en; path = en.lproj/InfoPlist.strings; sourceTree = "<group>"; };
		5095B4C018AE7C440023210E /* main.m */ = {isa = PBXFileReference; lastKnownFileType = sourcecode.c.objc; path = main.m; sourceTree = "<group>"; };
		5095B4C218AE7C440023210E /* TMTimer-Prefix.pch */ = {isa = PBXFileReference; lastKnownFileType = sourcecode.c.h; path = "TMTimer-Prefix.pch"; sourceTree = "<group>"; };
		5095B4C318AE7C440023210E /* DHAppDelegate.h */ = {isa = PBXFileReference; lastKnownFileType = sourcecode.c.h; path = DHAppDelegate.h; sourceTree = "<group>"; };
		5095B4C418AE7C440023210E /* DHAppDelegate.m */ = {isa = PBXFileReference; lastKnownFileType = sourcecode.c.objc; path = DHAppDelegate.m; sourceTree = "<group>"; };
		5095B4C718AE7C440023210E /* Base */ = {isa = PBXFileReference; lastKnownFileType = file.storyboard; name = Base; path = Base.lproj/Main_iPhone.storyboard; sourceTree = "<group>"; };
		5095B4CD18AE7C440023210E /* TMTimer.xcdatamodel */ = {isa = PBXFileReference; lastKnownFileType = wrapper.xcdatamodel; path = TMTimer.xcdatamodel; sourceTree = "<group>"; };
		5095B4CF18AE7C440023210E /* DHMasterViewController.h */ = {isa = PBXFileReference; lastKnownFileType = sourcecode.c.h; path = DHMasterViewController.h; sourceTree = "<group>"; };
		5095B4D018AE7C440023210E /* DHMasterViewController.m */ = {isa = PBXFileReference; lastKnownFileType = sourcecode.c.objc; path = DHMasterViewController.m; sourceTree = "<group>"; };
		5095B4D218AE7C440023210E /* DHDetailViewController.h */ = {isa = PBXFileReference; lastKnownFileType = sourcecode.c.h; path = DHDetailViewController.h; sourceTree = "<group>"; };
		5095B4D318AE7C440023210E /* DHDetailViewController.m */ = {isa = PBXFileReference; lastKnownFileType = sourcecode.c.objc; path = DHDetailViewController.m; sourceTree = "<group>"; };
		5095B4D518AE7C440023210E /* Images.xcassets */ = {isa = PBXFileReference; lastKnownFileType = folder.assetcatalog; path = Images.xcassets; sourceTree = "<group>"; };
		5095B4DB18AE7C440023210E /* TMTimerTests.xctest */ = {isa = PBXFileReference; explicitFileType = wrapper.cfbundle; includeInIndex = 0; path = TMTimerTests.xctest; sourceTree = BUILT_PRODUCTS_DIR; };
		5095B4DC18AE7C440023210E /* XCTest.framework */ = {isa = PBXFileReference; lastKnownFileType = wrapper.framework; name = XCTest.framework; path = Library/Frameworks/XCTest.framework; sourceTree = DEVELOPER_DIR; };
		5095B4E518AE7C440023210E /* TMTimerTests-Info.plist */ = {isa = PBXFileReference; lastKnownFileType = text.plist.xml; path = "TMTimerTests-Info.plist"; sourceTree = "<group>"; };
		5095B4E718AE7C440023210E /* en */ = {isa = PBXFileReference; lastKnownFileType = text.plist.strings; name = en; path = en.lproj/InfoPlist.strings; sourceTree = "<group>"; };
		5095B4E918AE7C440023210E /* TMTimerTests.m */ = {isa = PBXFileReference; lastKnownFileType = sourcecode.c.objc; path = TMTimerTests.m; sourceTree = "<group>"; };
		5095B4F318AE7DC80023210E /* TMTimer 2.xcdatamodel */ = {isa = PBXFileReference; lastKnownFileType = wrapper.xcdatamodel; path = "TMTimer 2.xcdatamodel"; sourceTree = "<group>"; };
		50A3ECE718BF10FF00DB3981 /* DHGlobalConstants.h */ = {isa = PBXFileReference; fileEncoding = 4; lastKnownFileType = sourcecode.c.h; path = DHGlobalConstants.h; sourceTree = "<group>"; };
		50B0FC5F18B2FFC0007694F3 /* TMTimer 5.xcdatamodel */ = {isa = PBXFileReference; lastKnownFileType = wrapper.xcdatamodel; path = "TMTimer 5.xcdatamodel"; sourceTree = "<group>"; };
		7F0C3FCA18CBCD3D0068B26C /* Release Notes */ = {isa = PBXFileReference; fileEncoding = 4; lastKnownFileType = text; name = "Release Notes"; path = "TMTimer/Release Notes"; sourceTree = "<group>"; };
		7F185BBC196A867900055446 /* iRate.h */ = {isa = PBXFileReference; fileEncoding = 4; lastKnownFileType = sourcecode.c.h; path = iRate.h; sourceTree = "<group>"; };
		7F185BBD196A867900055446 /* iRate.m */ = {isa = PBXFileReference; fileEncoding = 4; lastKnownFileType = sourcecode.c.objc; path = iRate.m; sourceTree = "<group>"; };
		7F2AC6B919A813CA00C9DAE7 /* TMTimer 7.xcdatamodel */ = {isa = PBXFileReference; lastKnownFileType = wrapper.xcdatamodel; path = "TMTimer 7.xcdatamodel"; sourceTree = "<group>"; };
		7F2AC6BA19A8149E00C9DAE7 /* User_Profile.h */ = {isa = PBXFileReference; fileEncoding = 4; lastKnownFileType = sourcecode.c.h; path = User_Profile.h; sourceTree = "<group>"; };
		7F2AC6BB19A8149E00C9DAE7 /* User_Profile.m */ = {isa = PBXFileReference; fileEncoding = 4; lastKnownFileType = sourcecode.c.objc; path = User_Profile.m; sourceTree = "<group>"; };
		7F407F3519A07CF400E37E1B /* TMTimer 6.xcdatamodel */ = {isa = PBXFileReference; lastKnownFileType = wrapper.xcdatamodel; path = "TMTimer 6.xcdatamodel"; sourceTree = "<group>"; };
		7F407F5519A1F4E200E37E1B /* DHUserProfileCollectionViewCell.h */ = {isa = PBXFileReference; fileEncoding = 4; lastKnownFileType = sourcecode.c.h; path = DHUserProfileCollectionViewCell.h; sourceTree = "<group>"; };
		7F407F5619A1F4E200E37E1B /* DHUserProfileCollectionViewCell.m */ = {isa = PBXFileReference; fileEncoding = 4; lastKnownFileType = sourcecode.c.objc; path = DHUserProfileCollectionViewCell.m; sourceTree = "<group>"; };
		7F407F5819A1F85C00E37E1B /* DHUserProfileCollectionViewController.h */ = {isa = PBXFileReference; fileEncoding = 4; lastKnownFileType = sourcecode.c.h; path = DHUserProfileCollectionViewController.h; sourceTree = "<group>"; };
		7F407F5919A1F85C00E37E1B /* DHUserProfileCollectionViewController.m */ = {isa = PBXFileReference; fileEncoding = 4; lastKnownFileType = sourcecode.c.objc; path = DHUserProfileCollectionViewController.m; sourceTree = "<group>"; };
		7F407F5B19A29C5800E37E1B /* DHEditUserProfileViewController.h */ = {isa = PBXFileReference; fileEncoding = 4; lastKnownFileType = sourcecode.c.h; path = DHEditUserProfileViewController.h; sourceTree = "<group>"; };
		7F407F5C19A29C5800E37E1B /* DHEditUserProfileViewController.m */ = {isa = PBXFileReference; fileEncoding = 4; lastKnownFileType = sourcecode.c.objc; path = DHEditUserProfileViewController.m; sourceTree = "<group>"; };
		7F407F5D19A29C5800E37E1B /* DHEditUserProfileViewController.xib */ = {isa = PBXFileReference; fileEncoding = 4; lastKnownFileType = file.xib; path = DHEditUserProfileViewController.xib; sourceTree = "<group>"; };
		7F407F6019A2AD4D00E37E1B /* User_Profile+helperMethods.h */ = {isa = PBXFileReference; fileEncoding = 4; lastKnownFileType = sourcecode.c.h; path = "User_Profile+helperMethods.h"; sourceTree = "<group>"; };
		7F407F6119A2AD4D00E37E1B /* User_Profile+helperMethods.m */ = {isa = PBXFileReference; fileEncoding = 4; lastKnownFileType = sourcecode.c.objc; path = "User_Profile+helperMethods.m"; sourceTree = "<group>"; };
		7F407FA519A407C600E37E1B /* fetch.php.jpeg */ = {isa = PBXFileReference; lastKnownFileType = image.jpeg; name = fetch.php.jpeg; path = ../../fetch.php.jpeg; sourceTree = "<group>"; };
		7F7145FC19AA9A4400DAEBF8 /* TMTimerStyleKit.h */ = {isa = PBXFileReference; fileEncoding = 4; lastKnownFileType = sourcecode.c.h; path = TMTimerStyleKit.h; sourceTree = "<group>"; };
		7F7145FD19AA9A4400DAEBF8 /* TMTimerStyleKit.m */ = {isa = PBXFileReference; fileEncoding = 4; lastKnownFileType = sourcecode.c.objc; path = TMTimerStyleKit.m; sourceTree = "<group>"; };
		7F75F66C18C9142F0040986B /* iAd.framework */ = {isa = PBXFileReference; lastKnownFileType = wrapper.framework; name = iAd.framework; path = System/Library/Frameworks/iAd.framework; sourceTree = SDKROOT; };
		7F86594F18D3C4C50045F9F2 /* DHUserPreferenceViewController.h */ = {isa = PBXFileReference; fileEncoding = 4; lastKnownFileType = sourcecode.c.h; path = DHUserPreferenceViewController.h; sourceTree = "<group>"; };
		7F86595018D3C4C50045F9F2 /* DHUserPreferenceViewController.m */ = {isa = PBXFileReference; fileEncoding = 4; lastKnownFileType = sourcecode.c.objc; path = DHUserPreferenceViewController.m; sourceTree = "<group>"; };
		7F86595218D3D0090045F9F2 /* DHCountDownView.h */ = {isa = PBXFileReference; fileEncoding = 4; lastKnownFileType = sourcecode.c.h; path = DHCountDownView.h; sourceTree = "<group>"; };
		7F86595318D3D0090045F9F2 /* DHCountDownView.m */ = {isa = PBXFileReference; fileEncoding = 4; lastKnownFileType = sourcecode.c.objc; path = DHCountDownView.m; sourceTree = "<group>"; };
		7F87644C18FDFF1400BB7FFA /* UISegmentedControl+extractMinMaxData.h */ = {isa = PBXFileReference; fileEncoding = 4; lastKnownFileType = sourcecode.c.h; path = "UISegmentedControl+extractMinMaxData.h"; sourceTree = "<group>"; };
		7F87644D18FDFF1400BB7FFA /* UISegmentedControl+extractMinMaxData.m */ = {isa = PBXFileReference; fileEncoding = 4; lastKnownFileType = sourcecode.c.objc; path = "UISegmentedControl+extractMinMaxData.m"; sourceTree = "<group>"; };
		7F896E6819A40FB30081A2A1 /* DHEditUserProfileTableViewCell.xib */ = {isa = PBXFileReference; fileEncoding = 4; lastKnownFileType = file.xib; path = DHEditUserProfileTableViewCell.xib; sourceTree = "<group>"; };
		7F896E6A19A4118B0081A2A1 /* DHEditUserProfileTableViewCell.h */ = {isa = PBXFileReference; fileEncoding = 4; lastKnownFileType = sourcecode.c.h; path = DHEditUserProfileTableViewCell.h; sourceTree = "<group>"; };
		7F896E6B19A4118B0081A2A1 /* DHEditUserProfileTableViewCell.m */ = {isa = PBXFileReference; fileEncoding = 4; lastKnownFileType = sourcecode.c.objc; path = DHEditUserProfileTableViewCell.m; sourceTree = "<group>"; };
		7F896E6E19A50C600081A2A1 /* UIImage+DHScaledImage.h */ = {isa = PBXFileReference; fileEncoding = 4; lastKnownFileType = sourcecode.c.h; path = "UIImage+DHScaledImage.h"; sourceTree = "<group>"; };
		7F896E6F19A50C600081A2A1 /* UIImage+DHScaledImage.m */ = {isa = PBXFileReference; fileEncoding = 4; lastKnownFileType = sourcecode.c.objc; path = "UIImage+DHScaledImage.m"; sourceTree = "<group>"; };
		7F8CD808199FAAAE00FC177F /* finger1_not_touch.png */ = {isa = PBXFileReference; lastKnownFileType = image.png; path = finger1_not_touch.png; sourceTree = "<group>"; };
		7F8CD809199FAAAE00FC177F /* finger1_touch.png */ = {isa = PBXFileReference; lastKnownFileType = image.png; path = finger1_touch.png; sourceTree = "<group>"; };
		7F8CD80A199FAAAE00FC177F /* fingers2_no_touch.png */ = {isa = PBXFileReference; lastKnownFileType = image.png; path = fingers2_no_touch.png; sourceTree = "<group>"; };
		7F8CD80B199FAAAE00FC177F /* fingers2_touch.png */ = {isa = PBXFileReference; lastKnownFileType = image.png; path = fingers2_touch.png; sourceTree = "<group>"; };
		7F8CD80C199FAAAE00FC177F /* fingers3_no_touch.png */ = {isa = PBXFileReference; lastKnownFileType = image.png; path = fingers3_no_touch.png; sourceTree = "<group>"; };
		7F8CD80D199FAAAE00FC177F /* fingers3_touch.png */ = {isa = PBXFileReference; lastKnownFileType = image.png; path = fingers3_touch.png; sourceTree = "<group>"; };
		7F8CD814199FAB2900FC177F /* ManualFlagInfoAnimationImageNames.plist */ = {isa = PBXFileReference; fileEncoding = 4; lastKnownFileType = text.plist.xml; path = ManualFlagInfoAnimationImageNames.plist; sourceTree = "<group>"; };
		7F8CD818199FFEBB00FC177F /* fingers.pxm */ = {isa = PBXFileReference; lastKnownFileType = wrapper; path = fingers.pxm; sourceTree = "<group>"; };
		7F8EE35E19AD9A720064F0B1 /* DHLog.h */ = {isa = PBXFileReference; fileEncoding = 4; lastKnownFileType = sourcecode.c.h; path = DHLog.h; sourceTree = "<group>"; };
		7F8EE35F19AD9A720064F0B1 /* DHLog.m */ = {isa = PBXFileReference; fileEncoding = 4; lastKnownFileType = sourcecode.c.objc; path = DHLog.m; sourceTree = "<group>"; };
		7F8EEA741946289F006B4C53 /* Icon72x72.png */ = {isa = PBXFileReference; lastKnownFileType = image.png; path = Icon72x72.png; sourceTree = "<group>"; };
		7F8EEA751946289F006B4C53 /* Icon72x72@2x.png */ = {isa = PBXFileReference; lastKnownFileType = image.png; path = "Icon72x72@2x.png"; sourceTree = "<group>"; };
		7F8EEA78194629ED006B4C53 /* Icon50x50.png */ = {isa = PBXFileReference; lastKnownFileType = image.png; path = Icon50x50.png; sourceTree = "<group>"; };
		7F8EEA79194629ED006B4C53 /* Icon50x50@2x.png */ = {isa = PBXFileReference; lastKnownFileType = image.png; path = "Icon50x50@2x.png"; sourceTree = "<group>"; };
		7F8EF98418FB0F780077922C /* DHColorForTime.h */ = {isa = PBXFileReference; fileEncoding = 4; lastKnownFileType = sourcecode.c.h; path = DHColorForTime.h; sourceTree = "<group>"; };
		7F8EF98518FB0F780077922C /* DHColorForTime.m */ = {isa = PBXFileReference; fileEncoding = 4; lastKnownFileType = sourcecode.c.objc; path = DHColorForTime.m; sourceTree = "<group>"; };
		7F91B7461964C491002FC63E /* AudioToolbox.framework */ = {isa = PBXFileReference; lastKnownFileType = wrapper.framework; name = AudioToolbox.framework; path = System/Library/Frameworks/AudioToolbox.framework; sourceTree = SDKROOT; };
		7F94EE1118CD0FC3005390C3 /* DHError.h */ = {isa = PBXFileReference; fileEncoding = 4; lastKnownFileType = sourcecode.c.h; path = DHError.h; sourceTree = "<group>"; };
		7F94EE1218CD0FC3005390C3 /* DHError.m */ = {isa = PBXFileReference; fileEncoding = 4; lastKnownFileType = sourcecode.c.objc; path = DHError.m; sourceTree = "<group>"; };
		7FA32B7319AC1CC1006BCB30 /* TMThemeAquaButton.h */ = {isa = PBXFileReference; fileEncoding = 4; lastKnownFileType = sourcecode.c.h; path = TMThemeAquaButton.h; sourceTree = "<group>"; };
		7FA32B7419AC1CC1006BCB30 /* TMThemeAquaButton.m */ = {isa = PBXFileReference; fileEncoding = 4; lastKnownFileType = sourcecode.c.objc; path = TMThemeAquaButton.m; sourceTree = "<group>"; };
		7FA32B7619AC5AE3006BCB30 /* TMTimerStyleKitWithColorExtensions.h */ = {isa = PBXFileReference; fileEncoding = 4; lastKnownFileType = sourcecode.c.h; path = TMTimerStyleKitWithColorExtensions.h; sourceTree = "<group>"; };
		7FA32B7719AC5AE3006BCB30 /* TMTimerStyleKitWithColorExtensions.m */ = {isa = PBXFileReference; fileEncoding = 4; lastKnownFileType = sourcecode.c.objc; path = TMTimerStyleKitWithColorExtensions.m; sourceTree = "<group>"; };
		7FC84B4B19A566FC007F8BEB /* Event.h */ = {isa = PBXFileReference; fileEncoding = 4; lastKnownFileType = sourcecode.c.h; path = Event.h; sourceTree = "<group>"; };
		7FC84B4C19A566FC007F8BEB /* Event.m */ = {isa = PBXFileReference; fileEncoding = 4; lastKnownFileType = sourcecode.c.objc; path = Event.m; sourceTree = "<group>"; };
		7FC92103191D9C620026660A /* DHManualFlagViewController.h */ = {isa = PBXFileReference; fileEncoding = 4; lastKnownFileType = sourcecode.c.h; path = DHManualFlagViewController.h; sourceTree = "<group>"; };
		7FC92104191D9C620026660A /* DHManualFlagViewController.m */ = {isa = PBXFileReference; fileEncoding = 4; lastKnownFileType = sourcecode.c.objc; path = DHManualFlagViewController.m; sourceTree = "<group>"; };
		7FD4ABDD18E0F488004DA1DF /* DHNavigationItem.h */ = {isa = PBXFileReference; fileEncoding = 4; lastKnownFileType = sourcecode.c.h; path = DHNavigationItem.h; sourceTree = "<group>"; };
		7FD4ABDE18E0F488004DA1DF /* DHNavigationItem.m */ = {isa = PBXFileReference; fileEncoding = 4; lastKnownFileType = sourcecode.c.objc; path = DHNavigationItem.m; sourceTree = "<group>"; };
		7FD4ABE018E0FD99004DA1DF /* DHNavigationBar.h */ = {isa = PBXFileReference; fileEncoding = 4; lastKnownFileType = sourcecode.c.h; path = DHNavigationBar.h; sourceTree = "<group>"; };
		7FD4ABE118E0FD99004DA1DF /* DHNavigationBar.m */ = {isa = PBXFileReference; fileEncoding = 4; lastKnownFileType = sourcecode.c.objc; path = DHNavigationBar.m; sourceTree = "<group>"; };
		7FD4ABE318E1089D004DA1DF /* DHGradients.h */ = {isa = PBXFileReference; fileEncoding = 4; lastKnownFileType = sourcecode.c.h; path = DHGradients.h; sourceTree = "<group>"; };
		7FD4ABE418E1089D004DA1DF /* DHGradients.m */ = {isa = PBXFileReference; fileEncoding = 4; lastKnownFileType = sourcecode.c.objc; path = DHGradients.m; sourceTree = "<group>"; };
/* End PBXFileReference section */

/* Begin PBXFrameworksBuildPhase section */
		5095B4AC18AE7C440023210E /* Frameworks */ = {
			isa = PBXFrameworksBuildPhase;
			buildActionMask = 2147483647;
			files = (
				7F91B7471964C491002FC63E /* AudioToolbox.framework in Frameworks */,
				7F75F66D18C9142F0040986B /* iAd.framework in Frameworks */,
				5095B4B518AE7C440023210E /* CoreGraphics.framework in Frameworks */,
				5095B4B918AE7C440023210E /* CoreData.framework in Frameworks */,
				5095B4B718AE7C440023210E /* UIKit.framework in Frameworks */,
				5095B4B318AE7C440023210E /* Foundation.framework in Frameworks */,
			);
			runOnlyForDeploymentPostprocessing = 0;
		};
		5095B4D818AE7C440023210E /* Frameworks */ = {
			isa = PBXFrameworksBuildPhase;
			buildActionMask = 2147483647;
			files = (
				5095B4DD18AE7C440023210E /* XCTest.framework in Frameworks */,
				5095B4E018AE7C440023210E /* CoreData.framework in Frameworks */,
				5095B4DF18AE7C440023210E /* UIKit.framework in Frameworks */,
				5095B4DE18AE7C440023210E /* Foundation.framework in Frameworks */,
			);
			runOnlyForDeploymentPostprocessing = 0;
		};
/* End PBXFrameworksBuildPhase section */

/* Begin PBXGroup section */
		5071126618C518E0000790E1 /* Images */ = {
			isa = PBXGroup;
			children = (
				7F407FA519A407C600E37E1B /* fetch.php.jpeg */,
				7F8CD816199FAB3C00FC177F /* ManualFlagInfoImages */,
				7F8CD817199FAF2E00FC177F /* Icon */,
			);
			path = Images;
			sourceTree = "<group>";
		};
		5095B4A618AE7C440023210E = {
			isa = PBXGroup;
			children = (
				7F8EE35D19AD9A350064F0B1 /* Debug */,
				7F7145FB19AA9A3300DAEBF8 /* StyleKit */,
				7F185BBB196A865900055446 /* iRate */,
				7F0C3FCA18CBCD3D0068B26C /* Release Notes */,
				5095B4BA18AE7C440023210E /* TMTimer */,
				5095B4E318AE7C440023210E /* TMTimerTests */,
				5095B4B118AE7C440023210E /* Frameworks */,
				5095B4B018AE7C440023210E /* Products */,
			);
			sourceTree = "<group>";
		};
		5095B4B018AE7C440023210E /* Products */ = {
			isa = PBXGroup;
			children = (
				5095B4AF18AE7C440023210E /* TMTimer.app */,
				5095B4DB18AE7C440023210E /* TMTimerTests.xctest */,
			);
			name = Products;
			sourceTree = "<group>";
		};
		5095B4B118AE7C440023210E /* Frameworks */ = {
			isa = PBXGroup;
			children = (
				7F91B7461964C491002FC63E /* AudioToolbox.framework */,
				7F75F66C18C9142F0040986B /* iAd.framework */,
				5095B4B218AE7C440023210E /* Foundation.framework */,
				5095B4B418AE7C440023210E /* CoreGraphics.framework */,
				5095B4B618AE7C440023210E /* UIKit.framework */,
				5095B4B818AE7C440023210E /* CoreData.framework */,
				5095B4DC18AE7C440023210E /* XCTest.framework */,
			);
			name = Frameworks;
			sourceTree = "<group>";
		};
		5095B4BA18AE7C440023210E /* TMTimer */ = {
			isa = PBXGroup;
			children = (
				7F896E6E19A50C600081A2A1 /* UIImage+DHScaledImage.h */,
				7F896E6F19A50C600081A2A1 /* UIImage+DHScaledImage.m */,
				5071126618C518E0000790E1 /* Images */,
				5095B4C318AE7C440023210E /* DHAppDelegate.h */,
				5095B4C418AE7C440023210E /* DHAppDelegate.m */,
				5095B4C618AE7C440023210E /* Main_iPhone.storyboard */,
				5095B4CF18AE7C440023210E /* DHMasterViewController.h */,
				5095B4D018AE7C440023210E /* DHMasterViewController.m */,
				5095B4D218AE7C440023210E /* DHDetailViewController.h */,
				5095B4D318AE7C440023210E /* DHDetailViewController.m */,
				7F86594F18D3C4C50045F9F2 /* DHUserPreferenceViewController.h */,
				7F86595018D3C4C50045F9F2 /* DHUserPreferenceViewController.m */,
				7FC92103191D9C620026660A /* DHManualFlagViewController.h */,
				7FC92104191D9C620026660A /* DHManualFlagViewController.m */,
				7F86595218D3D0090045F9F2 /* DHCountDownView.h */,
				7F86595318D3D0090045F9F2 /* DHCountDownView.m */,
				7FD4ABDD18E0F488004DA1DF /* DHNavigationItem.h */,
				7FD4ABDE18E0F488004DA1DF /* DHNavigationItem.m */,
				7FD4ABE018E0FD99004DA1DF /* DHNavigationBar.h */,
				7FD4ABE118E0FD99004DA1DF /* DHNavigationBar.m */,
				7FD4ABE318E1089D004DA1DF /* DHGradients.h */,
				7FD4ABE418E1089D004DA1DF /* DHGradients.m */,
				7F8EF98418FB0F780077922C /* DHColorForTime.h */,
				7F8EF98518FB0F780077922C /* DHColorForTime.m */,
				5095B4D518AE7C440023210E /* Images.xcassets */,
				7F407F5519A1F4E200E37E1B /* DHUserProfileCollectionViewCell.h */,
				7F407F5619A1F4E200E37E1B /* DHUserProfileCollectionViewCell.m */,
				7F407F5819A1F85C00E37E1B /* DHUserProfileCollectionViewController.h */,
				7F407F5919A1F85C00E37E1B /* DHUserProfileCollectionViewController.m */,
				7F407F5B19A29C5800E37E1B /* DHEditUserProfileViewController.h */,
				7F407F5C19A29C5800E37E1B /* DHEditUserProfileViewController.m */,
				7F407F5D19A29C5800E37E1B /* DHEditUserProfileViewController.xib */,
				7F896E6819A40FB30081A2A1 /* DHEditUserProfileTableViewCell.xib */,
				7F896E6A19A4118B0081A2A1 /* DHEditUserProfileTableViewCell.h */,
				7F896E6B19A4118B0081A2A1 /* DHEditUserProfileTableViewCell.m */,
				7F407F6019A2AD4D00E37E1B /* User_Profile+helperMethods.h */,
				7F407F6119A2AD4D00E37E1B /* User_Profile+helperMethods.m */,
				5095B4CC18AE7C440023210E /* TMTimer.xcdatamodeld */,
				7F2AC6BA19A8149E00C9DAE7 /* User_Profile.h */,
				7F2AC6BB19A8149E00C9DAE7 /* User_Profile.m */,
				7FC84B4B19A566FC007F8BEB /* Event.h */,
				7FC84B4C19A566FC007F8BEB /* Event.m */,
				501518E618B1979200CC286D /* Event+helperMethods.h */,
				501518E718B1979200CC286D /* Event+helperMethods.m */,
				7F87644C18FDFF1400BB7FFA /* UISegmentedControl+extractMinMaxData.h */,
				7F87644D18FDFF1400BB7FFA /* UISegmentedControl+extractMinMaxData.m */,
				5095B4BB18AE7C440023210E /* Supporting Files */,
				502B46B618B4063000A61D24 /* DHTableViewCell.h */,
				502B46B718B4063000A61D24 /* DHTableViewCell.m */,
				7FA32B7319AC1CC1006BCB30 /* TMThemeAquaButton.h */,
				7FA32B7419AC1CC1006BCB30 /* TMThemeAquaButton.m */,
				50A3ECE718BF10FF00DB3981 /* DHGlobalConstants.h */,
				7F94EE1118CD0FC3005390C3 /* DHError.h */,
				7F94EE1218CD0FC3005390C3 /* DHError.m */,
			);
			path = TMTimer;
			sourceTree = "<group>";
		};
		5095B4BB18AE7C440023210E /* Supporting Files */ = {
			isa = PBXGroup;
			children = (
				5095B4BC18AE7C440023210E /* TMTimer-Info.plist */,
				5095B4BD18AE7C440023210E /* InfoPlist.strings */,
				5095B4C018AE7C440023210E /* main.m */,
				5095B4C218AE7C440023210E /* TMTimer-Prefix.pch */,
			);
			name = "Supporting Files";
			sourceTree = "<group>";
		};
		5095B4E318AE7C440023210E /* TMTimerTests */ = {
			isa = PBXGroup;
			children = (
				5095B4E918AE7C440023210E /* TMTimerTests.m */,
				5095B4E418AE7C440023210E /* Supporting Files */,
			);
			path = TMTimerTests;
			sourceTree = "<group>";
		};
		5095B4E418AE7C440023210E /* Supporting Files */ = {
			isa = PBXGroup;
			children = (
				5095B4E518AE7C440023210E /* TMTimerTests-Info.plist */,
				5095B4E618AE7C440023210E /* InfoPlist.strings */,
			);
			name = "Supporting Files";
			sourceTree = "<group>";
		};
		7F185BBB196A865900055446 /* iRate */ = {
			isa = PBXGroup;
			children = (
				7F185BBC196A867900055446 /* iRate.h */,
				7F185BBD196A867900055446 /* iRate.m */,
			);
			name = iRate;
			sourceTree = "<group>";
		};
		7F7145FB19AA9A3300DAEBF8 /* StyleKit */ = {
			isa = PBXGroup;
			children = (
				7F7145FC19AA9A4400DAEBF8 /* TMTimerStyleKit.h */,
				7F7145FD19AA9A4400DAEBF8 /* TMTimerStyleKit.m */,
				7FA32B7619AC5AE3006BCB30 /* TMTimerStyleKitWithColorExtensions.h */,
				7FA32B7719AC5AE3006BCB30 /* TMTimerStyleKitWithColorExtensions.m */,
			);
			name = StyleKit;
			sourceTree = "<group>";
		};
		7F8CD816199FAB3C00FC177F /* ManualFlagInfoImages */ = {
			isa = PBXGroup;
			children = (
				7F8CD818199FFEBB00FC177F /* fingers.pxm */,
				7F8CD808199FAAAE00FC177F /* finger1_not_touch.png */,
				7F8CD809199FAAAE00FC177F /* finger1_touch.png */,
				7F8CD80A199FAAAE00FC177F /* fingers2_no_touch.png */,
				7F8CD80B199FAAAE00FC177F /* fingers2_touch.png */,
				7F8CD80C199FAAAE00FC177F /* fingers3_no_touch.png */,
				7F8CD80D199FAAAE00FC177F /* fingers3_touch.png */,
				7F8CD814199FAB2900FC177F /* ManualFlagInfoAnimationImageNames.plist */,
			);
			name = ManualFlagInfoImages;
			sourceTree = "<group>";
		};
		7F8CD817199FAF2E00FC177F /* Icon */ = {
			isa = PBXGroup;
			children = (
				50143EA618C55FDA00350947 /* TMIcon.pxm */,
				50143EA718C55FDA00350947 /* TMLaunchImage.pxm */,
				50143E9C18C55A6700350947 /* Default_1536x2048.png */,
				50143E9D18C55A6700350947 /* Default_768x1024.png */,
				50143E9E18C55A6700350947 /* Default_320x480.png */,
				50143E9F18C55A6700350947 /* Default_640x1136.png */,
				50143EA018C55A6700350947 /* Default_640x960.png */,
				507112AB18C51DBA000790E1 /* Icon-57.png */,
				507112AC18C51DBA000790E1 /* Icon-57@2x.png */,
				5071129118C51B3C000790E1 /* Icon-29.png */,
				5071129218C51B3C000790E1 /* Icon-40.png */,
				5071129318C51B3C000790E1 /* Icon-58.png */,
				7F8EEA78194629ED006B4C53 /* Icon50x50.png */,
				7F8EEA79194629ED006B4C53 /* Icon50x50@2x.png */,
				5071129B18C51B3C000790E1 /* Icon-76.png */,
				5071129418C51B3C000790E1 /* Icon-80.png */,
				5071129518C51B3C000790E1 /* Icon-120.png */,
				5071129618C51B3C000790E1 /* Icon-152.png */,
				7F8EEA741946289F006B4C53 /* Icon72x72.png */,
				7F8EEA751946289F006B4C53 /* Icon72x72@2x.png */,
				5071129718C51B3C000790E1 /* Icon-Small-50.png */,
				5071129818C51B3C000790E1 /* Icon-Small-57.png */,
				5071129918C51B3C000790E1 /* Icon-Small.png */,
				5071129A18C51B3C000790E1 /* Icon-Small@2x.png */,
				5071129C18C51B3C000790E1 /* Icon@2x.png */,
				5071129D18C51B3C000790E1 /* iTunesArtwork */,
			);
			name = Icon;
			sourceTree = "<group>";
		};
		7F8EE35D19AD9A350064F0B1 /* Debug */ = {
			isa = PBXGroup;
			children = (
				7F8EE35E19AD9A720064F0B1 /* DHLog.h */,
				7F8EE35F19AD9A720064F0B1 /* DHLog.m */,
			);
			name = Debug;
			sourceTree = "<group>";
		};
/* End PBXGroup section */

/* Begin PBXNativeTarget section */
		5095B4AE18AE7C440023210E /* TMTimer */ = {
			isa = PBXNativeTarget;
			buildConfigurationList = 5095B4ED18AE7C440023210E /* Build configuration list for PBXNativeTarget "TMTimer" */;
			buildPhases = (
				5095B4AB18AE7C440023210E /* Sources */,
				5095B4AC18AE7C440023210E /* Frameworks */,
				5095B4AD18AE7C440023210E /* Resources */,
			);
			buildRules = (
			);
			dependencies = (
			);
			name = TMTimer;
			productName = TMTimer;
			productReference = 5095B4AF18AE7C440023210E /* TMTimer.app */;
			productType = "com.apple.product-type.application";
		};
		5095B4DA18AE7C440023210E /* TMTimerTests */ = {
			isa = PBXNativeTarget;
			buildConfigurationList = 5095B4F018AE7C440023210E /* Build configuration list for PBXNativeTarget "TMTimerTests" */;
			buildPhases = (
				5095B4D718AE7C440023210E /* Sources */,
				5095B4D818AE7C440023210E /* Frameworks */,
				5095B4D918AE7C440023210E /* Resources */,
			);
			buildRules = (
			);
			dependencies = (
				5095B4E218AE7C440023210E /* PBXTargetDependency */,
			);
			name = TMTimerTests;
			productName = TMTimerTests;
			productReference = 5095B4DB18AE7C440023210E /* TMTimerTests.xctest */;
			productType = "com.apple.product-type.bundle.unit-test";
		};
/* End PBXNativeTarget section */

/* Begin PBXProject section */
		5095B4A718AE7C440023210E /* Project object */ = {
			isa = PBXProject;
			attributes = {
				CLASSPREFIX = DH;
				LastUpgradeCheck = 0510;
				ORGANIZATIONNAME = ryukkusakku;
				TargetAttributes = {
					5095B4AE18AE7C440023210E = {
						DevelopmentTeam = SX585CK9M9;
					};
					5095B4DA18AE7C440023210E = {
						TestTargetID = 5095B4AE18AE7C440023210E;
					};
				};
			};
			buildConfigurationList = 5095B4AA18AE7C440023210E /* Build configuration list for PBXProject "TMTimer" */;
			compatibilityVersion = "Xcode 3.2";
			developmentRegion = English;
			hasScannedForEncodings = 0;
			knownRegions = (
				en,
				Base,
			);
			mainGroup = 5095B4A618AE7C440023210E;
			productRefGroup = 5095B4B018AE7C440023210E /* Products */;
			projectDirPath = "";
			projectRoot = "";
			targets = (
				5095B4AE18AE7C440023210E /* TMTimer */,
				5095B4DA18AE7C440023210E /* TMTimerTests */,
			);
		};
/* End PBXProject section */

/* Begin PBXResourcesBuildPhase section */
		5095B4AD18AE7C440023210E /* Resources */ = {
			isa = PBXResourcesBuildPhase;
			buildActionMask = 2147483647;
			files = (
				7F8CD80F199FAAAE00FC177F /* finger1_touch.png in Resources */,
				7F896E6919A40FB30081A2A1 /* DHEditUserProfileTableViewCell.xib in Resources */,
				507112A218C51B3C000790E1 /* Icon-120.png in Resources */,
				507112AE18C51DBA000790E1 /* Icon-57@2x.png in Resources */,
				507112A118C51B3C000790E1 /* Icon-80.png in Resources */,
				50143EA218C55A6700350947 /* Default_768x1024.png in Resources */,
				50143EA118C55A6700350947 /* Default_1536x2048.png in Resources */,
				50143EA318C55A6700350947 /* Default_320x480.png in Resources */,
				7F8CD811199FAAAE00FC177F /* fingers2_touch.png in Resources */,
				5095B4D618AE7C440023210E /* Images.xcassets in Resources */,
				7F0C3FCB18CBCD3D0068B26C /* Release Notes in Resources */,
				5095B4C818AE7C440023210E /* Main_iPhone.storyboard in Resources */,
				7F8EEA7A194629ED006B4C53 /* Icon50x50.png in Resources */,
				507112A918C51B3C000790E1 /* Icon@2x.png in Resources */,
				7F8CD810199FAAAE00FC177F /* fingers2_no_touch.png in Resources */,
				507112AD18C51DBA000790E1 /* Icon-57.png in Resources */,
				7F8EEA761946289F006B4C53 /* Icon72x72.png in Resources */,
				7F8CD812199FAAAE00FC177F /* fingers3_no_touch.png in Resources */,
				7F8CD815199FAB2900FC177F /* ManualFlagInfoAnimationImageNames.plist in Resources */,
				5095B4BF18AE7C440023210E /* InfoPlist.strings in Resources */,
				507112A718C51B3C000790E1 /* Icon-Small@2x.png in Resources */,
				507112A518C51B3C000790E1 /* Icon-Small-57.png in Resources */,
				5071129E18C51B3C000790E1 /* Icon-29.png in Resources */,
				50143EA518C55A6700350947 /* Default_640x960.png in Resources */,
				7F8CD813199FAAAE00FC177F /* fingers3_touch.png in Resources */,
				7F8CD819199FFEBB00FC177F /* fingers.pxm in Resources */,
				5071129F18C51B3C000790E1 /* Icon-40.png in Resources */,
				7F407F5F19A29C5800E37E1B /* DHEditUserProfileViewController.xib in Resources */,
				507112A618C51B3C000790E1 /* Icon-Small.png in Resources */,
				7F8EEA7B194629ED006B4C53 /* Icon50x50@2x.png in Resources */,
				507112A418C51B3C000790E1 /* Icon-Small-50.png in Resources */,
				507112A318C51B3C000790E1 /* Icon-152.png in Resources */,
				507112A818C51B3C000790E1 /* Icon-76.png in Resources */,
				7F407FA619A407C600E37E1B /* fetch.php.jpeg in Resources */,
				7F8CD80E199FAAAE00FC177F /* finger1_not_touch.png in Resources */,
				7F8EEA771946289F006B4C53 /* Icon72x72@2x.png in Resources */,
				507112A018C51B3C000790E1 /* Icon-58.png in Resources */,
				50143EA418C55A6700350947 /* Default_640x1136.png in Resources */,
				507112AA18C51B3C000790E1 /* iTunesArtwork in Resources */,
			);
			runOnlyForDeploymentPostprocessing = 0;
		};
		5095B4D918AE7C440023210E /* Resources */ = {
			isa = PBXResourcesBuildPhase;
			buildActionMask = 2147483647;
			files = (
				5095B4E818AE7C440023210E /* InfoPlist.strings in Resources */,
			);
			runOnlyForDeploymentPostprocessing = 0;
		};
/* End PBXResourcesBuildPhase section */

/* Begin PBXSourcesBuildPhase section */
		5095B4AB18AE7C440023210E /* Sources */ = {
			isa = PBXSourcesBuildPhase;
			buildActionMask = 2147483647;
			files = (
				7FD4ABDF18E0F488004DA1DF /* DHNavigationItem.m in Sources */,
				7F896E7019A50C600081A2A1 /* UIImage+DHScaledImage.m in Sources */,
				7F407F6219A2AD4D00E37E1B /* User_Profile+helperMethods.m in Sources */,
				7F2AC6BC19A8149E00C9DAE7 /* User_Profile.m in Sources */,
				5095B4D418AE7C440023210E /* DHDetailViewController.m in Sources */,
				7F86595418D3D0090045F9F2 /* DHCountDownView.m in Sources */,
				7FC92105191D9C620026660A /* DHManualFlagViewController.m in Sources */,
				7FC84B4D19A566FC007F8BEB /* Event.m in Sources */,
				5095B4CE18AE7C440023210E /* TMTimer.xcdatamodeld in Sources */,
				5095B4C518AE7C440023210E /* DHAppDelegate.m in Sources */,
				7F94EE1318CD0FC3005390C3 /* DHError.m in Sources */,
				7F407F5A19A1F85C00E37E1B /* DHUserProfileCollectionViewController.m in Sources */,
				7F87644E18FDFF1400BB7FFA /* UISegmentedControl+extractMinMaxData.m in Sources */,
				7F86595118D3C4C50045F9F2 /* DHUserPreferenceViewController.m in Sources */,
				7F185BBE196A867900055446 /* iRate.m in Sources */,
				7F8EE36019AD9A720064F0B1 /* DHLog.m in Sources */,
				7FD4ABE518E1089D004DA1DF /* DHGradients.m in Sources */,
				7FA32B7519AC1CC1006BCB30 /* TMThemeAquaButton.m in Sources */,
				502B46B818B4063000A61D24 /* DHTableViewCell.m in Sources */,
				7F7145FE19AA9A4400DAEBF8 /* TMTimerStyleKit.m in Sources */,
				501518E818B1979200CC286D /* Event+helperMethods.m in Sources */,
				7F896E6C19A4118B0081A2A1 /* DHEditUserProfileTableViewCell.m in Sources */,
				7F407F5E19A29C5800E37E1B /* DHEditUserProfileViewController.m in Sources */,
				7F8EF98618FB0F780077922C /* DHColorForTime.m in Sources */,
				5095B4D118AE7C440023210E /* DHMasterViewController.m in Sources */,
				7F407F5719A1F4E200E37E1B /* DHUserProfileCollectionViewCell.m in Sources */,
				7FA32B7819AC5AE3006BCB30 /* TMTimerStyleKitWithColorExtensions.m in Sources */,
				7FD4ABE218E0FD99004DA1DF /* DHNavigationBar.m in Sources */,
				5095B4C118AE7C440023210E /* main.m in Sources */,
			);
			runOnlyForDeploymentPostprocessing = 0;
		};
		5095B4D718AE7C440023210E /* Sources */ = {
			isa = PBXSourcesBuildPhase;
			buildActionMask = 2147483647;
			files = (
				5095B4EA18AE7C440023210E /* TMTimerTests.m in Sources */,
			);
			runOnlyForDeploymentPostprocessing = 0;
		};
/* End PBXSourcesBuildPhase section */

/* Begin PBXTargetDependency section */
		5095B4E218AE7C440023210E /* PBXTargetDependency */ = {
			isa = PBXTargetDependency;
			target = 5095B4AE18AE7C440023210E /* TMTimer */;
			targetProxy = 5095B4E118AE7C440023210E /* PBXContainerItemProxy */;
		};
/* End PBXTargetDependency section */

/* Begin PBXVariantGroup section */
		5095B4BD18AE7C440023210E /* InfoPlist.strings */ = {
			isa = PBXVariantGroup;
			children = (
				5095B4BE18AE7C440023210E /* en */,
			);
			name = InfoPlist.strings;
			sourceTree = "<group>";
		};
		5095B4C618AE7C440023210E /* Main_iPhone.storyboard */ = {
			isa = PBXVariantGroup;
			children = (
				5095B4C718AE7C440023210E /* Base */,
			);
			name = Main_iPhone.storyboard;
			sourceTree = "<group>";
		};
		5095B4E618AE7C440023210E /* InfoPlist.strings */ = {
			isa = PBXVariantGroup;
			children = (
				5095B4E718AE7C440023210E /* en */,
			);
			name = InfoPlist.strings;
			sourceTree = "<group>";
		};
/* End PBXVariantGroup section */

/* Begin XCBuildConfiguration section */
		5095B4EB18AE7C440023210E /* Debug */ = {
			isa = XCBuildConfiguration;
			buildSettings = {
				ALWAYS_SEARCH_USER_PATHS = NO;
				CLANG_CXX_LANGUAGE_STANDARD = "gnu++0x";
				CLANG_CXX_LIBRARY = "libc++";
				CLANG_ENABLE_MODULES = YES;
				CLANG_ENABLE_OBJC_ARC = YES;
				CLANG_WARN_BOOL_CONVERSION = YES;
				CLANG_WARN_CONSTANT_CONVERSION = YES;
				CLANG_WARN_DIRECT_OBJC_ISA_USAGE = YES_ERROR;
				CLANG_WARN_EMPTY_BODY = YES;
				CLANG_WARN_ENUM_CONVERSION = YES;
				CLANG_WARN_INT_CONVERSION = YES;
				CLANG_WARN_OBJC_ROOT_CLASS = YES_ERROR;
				CLANG_WARN__DUPLICATE_METHOD_MATCH = YES;
				"CODE_SIGN_IDENTITY[sdk=iphoneos*]" = "iPhone Developer";
				COPY_PHASE_STRIP = NO;
				GCC_C_LANGUAGE_STANDARD = gnu99;
				GCC_DYNAMIC_NO_PIC = NO;
				GCC_OPTIMIZATION_LEVEL = 0;
				GCC_PREPROCESSOR_DEFINITIONS = (
					"DEBUG=1",
					"$(inherited)",
				);
				GCC_SYMBOLS_PRIVATE_EXTERN = NO;
				GCC_WARN_64_TO_32_BIT_CONVERSION = YES;
				GCC_WARN_ABOUT_RETURN_TYPE = YES_ERROR;
				GCC_WARN_UNDECLARED_SELECTOR = YES;
				GCC_WARN_UNINITIALIZED_AUTOS = YES;
				GCC_WARN_UNUSED_FUNCTION = YES;
				GCC_WARN_UNUSED_VARIABLE = YES;
				IPHONEOS_DEPLOYMENT_TARGET = 7.0;
				ONLY_ACTIVE_ARCH = YES;
				SDKROOT = iphoneos;
				TARGETED_DEVICE_FAMILY = 1;
			};
			name = Debug;
		};
		5095B4EC18AE7C440023210E /* Release */ = {
			isa = XCBuildConfiguration;
			buildSettings = {
				ALWAYS_SEARCH_USER_PATHS = NO;
				CLANG_CXX_LANGUAGE_STANDARD = "gnu++0x";
				CLANG_CXX_LIBRARY = "libc++";
				CLANG_ENABLE_MODULES = YES;
				CLANG_ENABLE_OBJC_ARC = YES;
				CLANG_WARN_BOOL_CONVERSION = YES;
				CLANG_WARN_CONSTANT_CONVERSION = YES;
				CLANG_WARN_DIRECT_OBJC_ISA_USAGE = YES_ERROR;
				CLANG_WARN_EMPTY_BODY = YES;
				CLANG_WARN_ENUM_CONVERSION = YES;
				CLANG_WARN_INT_CONVERSION = YES;
				CLANG_WARN_OBJC_ROOT_CLASS = YES_ERROR;
				CLANG_WARN__DUPLICATE_METHOD_MATCH = YES;
				"CODE_SIGN_IDENTITY[sdk=iphoneos*]" = "iPhone Developer";
				COPY_PHASE_STRIP = YES;
				ENABLE_NS_ASSERTIONS = NO;
				GCC_C_LANGUAGE_STANDARD = gnu99;
				GCC_PREPROCESSOR_DEFINITIONS = "RELEASE=2";
				GCC_WARN_64_TO_32_BIT_CONVERSION = YES;
				GCC_WARN_ABOUT_RETURN_TYPE = YES_ERROR;
				GCC_WARN_UNDECLARED_SELECTOR = YES;
				GCC_WARN_UNINITIALIZED_AUTOS = YES;
				GCC_WARN_UNUSED_FUNCTION = YES;
				GCC_WARN_UNUSED_VARIABLE = YES;
				IPHONEOS_DEPLOYMENT_TARGET = 7.0;
				SDKROOT = iphoneos;
				TARGETED_DEVICE_FAMILY = 1;
				VALIDATE_PRODUCT = YES;
			};
			name = Release;
		};
		5095B4EE18AE7C440023210E /* Debug */ = {
			isa = XCBuildConfiguration;
			buildSettings = {
				ASSETCATALOG_COMPILER_APPICON_NAME = AppIcon;
				ASSETCATALOG_COMPILER_LAUNCHIMAGE_NAME = LaunchImage;
				CODE_SIGN_IDENTITY = "iPhone Developer";
				"CODE_SIGN_IDENTITY[sdk=iphoneos*]" = "iPhone Developer";
				GCC_PRECOMPILE_PREFIX_HEADER = YES;
				GCC_PREFIX_HEADER = "TMTimer/TMTimer-Prefix.pch";
				INFOPLIST_FILE = "TMTimer/TMTimer-Info.plist";
				IPHONEOS_DEPLOYMENT_TARGET = 7.0;
				PRODUCT_NAME = "$(TARGET_NAME)";
				PROVISIONING_PROFILE = "";
				TARGETED_DEVICE_FAMILY = "1,2";
				WRAPPER_EXTENSION = app;
			};
			name = Debug;
		};
		5095B4EF18AE7C440023210E /* Release */ = {
			isa = XCBuildConfiguration;
			buildSettings = {
				ASSETCATALOG_COMPILER_APPICON_NAME = AppIcon;
				ASSETCATALOG_COMPILER_LAUNCHIMAGE_NAME = LaunchImage;
				CODE_SIGN_IDENTITY = "iPhone Developer";
				"CODE_SIGN_IDENTITY[sdk=iphoneos*]" = "iPhone Developer";
				GCC_PRECOMPILE_PREFIX_HEADER = YES;
				GCC_PREFIX_HEADER = "TMTimer/TMTimer-Prefix.pch";
				INFOPLIST_FILE = "TMTimer/TMTimer-Info.plist";
				IPHONEOS_DEPLOYMENT_TARGET = 7.0;
				PRODUCT_NAME = "$(TARGET_NAME)";
				PROVISIONING_PROFILE = "";
				TARGETED_DEVICE_FAMILY = "1,2";
				WRAPPER_EXTENSION = app;
			};
			name = Release;
		};
		5095B4F118AE7C440023210E /* Debug */ = {
			isa = XCBuildConfiguration;
			buildSettings = {
				BUNDLE_LOADER = "$(BUILT_PRODUCTS_DIR)/TMTimer.app/TMTimer";
				FRAMEWORK_SEARCH_PATHS = (
					"$(SDKROOT)/Developer/Library/Frameworks",
					"$(inherited)",
					"$(DEVELOPER_FRAMEWORKS_DIR)",
				);
				GCC_PRECOMPILE_PREFIX_HEADER = YES;
				GCC_PREFIX_HEADER = "TMTimer/TMTimer-Prefix.pch";
				GCC_PREPROCESSOR_DEFINITIONS = (
					"DEBUG=1",
					"$(inherited)",
				);
				INFOPLIST_FILE = "TMTimerTests/TMTimerTests-Info.plist";
				PRODUCT_NAME = "$(TARGET_NAME)";
				TEST_HOST = "$(BUNDLE_LOADER)";
				WRAPPER_EXTENSION = xctest;
			};
			name = Debug;
		};
		5095B4F218AE7C440023210E /* Release */ = {
			isa = XCBuildConfiguration;
			buildSettings = {
				BUNDLE_LOADER = "$(BUILT_PRODUCTS_DIR)/TMTimer.app/TMTimer";
				FRAMEWORK_SEARCH_PATHS = (
					"$(SDKROOT)/Developer/Library/Frameworks",
					"$(inherited)",
					"$(DEVELOPER_FRAMEWORKS_DIR)",
				);
				GCC_PRECOMPILE_PREFIX_HEADER = YES;
				GCC_PREFIX_HEADER = "TMTimer/TMTimer-Prefix.pch";
				INFOPLIST_FILE = "TMTimerTests/TMTimerTests-Info.plist";
				PRODUCT_NAME = "$(TARGET_NAME)";
				TEST_HOST = "$(BUNDLE_LOADER)";
				WRAPPER_EXTENSION = xctest;
			};
			name = Release;
		};
/* End XCBuildConfiguration section */

/* Begin XCConfigurationList section */
		5095B4AA18AE7C440023210E /* Build configuration list for PBXProject "TMTimer" */ = {
			isa = XCConfigurationList;
			buildConfigurations = (
				5095B4EB18AE7C440023210E /* Debug */,
				5095B4EC18AE7C440023210E /* Release */,
			);
			defaultConfigurationIsVisible = 0;
			defaultConfigurationName = Release;
		};
		5095B4ED18AE7C440023210E /* Build configuration list for PBXNativeTarget "TMTimer" */ = {
			isa = XCConfigurationList;
			buildConfigurations = (
				5095B4EE18AE7C440023210E /* Debug */,
				5095B4EF18AE7C440023210E /* Release */,
			);
			defaultConfigurationIsVisible = 0;
			defaultConfigurationName = Release;
		};
		5095B4F018AE7C440023210E /* Build configuration list for PBXNativeTarget "TMTimerTests" */ = {
			isa = XCConfigurationList;
			buildConfigurations = (
				5095B4F118AE7C440023210E /* Debug */,
				5095B4F218AE7C440023210E /* Release */,
			);
			defaultConfigurationIsVisible = 0;
			defaultConfigurationName = Release;
		};
/* End XCConfigurationList section */

/* Begin XCVersionGroup section */
		5095B4CC18AE7C440023210E /* TMTimer.xcdatamodeld */ = {
			isa = XCVersionGroup;
			children = (
				501518E218B195ED00CC286D /* TMTimer 3.xcdatamodel */,
				5089961F18B2E9FB0012F659 /* TMTimer 4.xcdatamodel */,
				5095B4F318AE7DC80023210E /* TMTimer 2.xcdatamodel */,
				5095B4CD18AE7C440023210E /* TMTimer.xcdatamodel */,
				50B0FC5F18B2FFC0007694F3 /* TMTimer 5.xcdatamodel */,
				7F407F3519A07CF400E37E1B /* TMTimer 6.xcdatamodel */,
				7F2AC6B919A813CA00C9DAE7 /* TMTimer 7.xcdatamodel */,
			);
			currentVersion = 7F2AC6B919A813CA00C9DAE7 /* TMTimer 7.xcdatamodel */;
			path = TMTimer.xcdatamodeld;
			sourceTree = "<group>";
			versionGroupType = wrapper.xcdatamodel;
		};
/* End XCVersionGroup section */
	};
	rootObject = 5095B4A718AE7C440023210E /* Project object */;
}
